
Microsoft Visual Studio Solution File, Format Version 12.00
# Visual Studio 15
VisualStudioVersion = 15.0.28307.102
MinimumVisualStudioVersion = 10.0.40219.1
Project("{FAE04EC0-301F-11D3-BF4B-00C04F79EFBC}") = "CellarHQ", "CellarHQ\CellarHQ.csproj", "{10D8B00C-1131-49A7-BBDC-171EE1E94708}"
EndProject
Global
	GlobalSection(SolutionConfigurationPlatforms) = preSolution
		Debug|Any CPU = Debug|Any CPU
		Release|Any CPU = Release|Any CPU
	EndGlobalSection
	GlobalSection(ProjectConfigurationPlatforms) = postSolution
		{10D8B00C-1131-49A7-BBDC-171EE1E94708}.Debug|Any CPU.ActiveCfg = Debug|Any CPU
		{10D8B00C-1131-49A7-BBDC-171EE1E94708}.Debug|Any CPU.Build.0 = Debug|Any CPU
		{10D8B00C-1131-49A7-BBDC-171EE1E94708}.Release|Any CPU.ActiveCfg = Release|Any CPU
		{10D8B00C-1131-49A7-BBDC-171EE1E94708}.Release|Any CPU.Build.0 = Release|Any CPU
	EndGlobalSection
	GlobalSection(SolutionProperties) = preSolution
		HideSolutionNode = FALSE
	EndGlobalSection
	GlobalSection(ExtensibilityGlobals) = postSolution
		SolutionGuid = {77DD279B-C361-4657-B993-3C65D43F8507}
	EndGlobalSection
EndGlobal
